{
  "name": "argus-one",
  "version": "0.1.3",
  "lockfileVersion": 3,
  "requires": true,
  "packages": {
    "": {
      "name": "argus-one",
      "version": "0.1.3",
      "license": "MIT",
      "bin": {
        "argus-one": "cli/bin/argus-one.js"
      },
      "engines": {
        "node": ">=22"
      }
    }
  }
}
